# This file was autogenerated by Stack.
# You should not edit this file by hand.
# For more information, please see the documentation at:
#   https://docs.haskellstack.org/en/stable/lock_files

packages:
- completed:
    hackage: base58-bytestring-0.1.0@sha256:a1da72ee89d5450bac1c792d9fcbe95ed7154ab7246f2172b57bd4fd9b5eab79,1913
    pantry-tree:
      size: 419
      sha256: 053784f8edef6433518c873a7c502dc75348f812e2384e1306f90467ea54f40b
  original:
    hackage: base58-bytestring-0.1.0@sha256:a1da72ee89d5450bac1c792d9fcbe95ed7154ab7246f2172b57bd4fd9b5eab79,1913
snapshots:
- completed:
    size: 498402
    url: https://raw.githubusercontent.com/commercialhaskell/stackage-snapshots/master/lts/13/24.yaml
    sha256: 33e96adfe24f112b62f6edd22565cdbaa13155703bbfbfdc3d0a9bc6138ae7bf
  original: lts-13.24
